// !$*UTF8*$!
{
	archiveVersion = 1;
	classes = {
	};
	objectVersion = 55;
	objects = {

/* Begin PBXBuildFile section */
		E53847EA273BFFA60027A5F1 /* RestrartApp.swift in Sources */ = {isa = PBXBuildFile; fileRef = E53847E9273BFFA60027A5F1 /* RestrartApp.swift */; };
		E53847EC273BFFA60027A5F1 /* ContentView.swift in Sources */ = {isa = PBXBuildFile; fileRef = E53847EB273BFFA60027A5F1 /* ContentView.swift */; };
		E53847EE273BFFAA0027A5F1 /* Assets.xcassets in Resources */ = {isa = PBXBuildFile; fileRef = E53847ED273BFFAA0027A5F1 /* Assets.xcassets */; };
		E53847F1273BFFAA0027A5F1 /* Preview Assets.xcassets in Resources */ = {isa = PBXBuildFile; fileRef = E53847F0273BFFAA0027A5F1 /* Preview Assets.xcassets */; };
		E53847F9273C067E0027A5F1 /* success.m4a in Resources */ = {isa = PBXBuildFile; fileRef = E53847F7273C067E0027A5F1 /* success.m4a */; };
		E53847FA273C067E0027A5F1 /* chimeup.mp3 in Resources */ = {isa = PBXBuildFile; fileRef = E53847F8273C067E0027A5F1 /* chimeup.mp3 */; };
		E5384802273C0A230027A5F1 /* OnboardingView.swift in Sources */ = {isa = PBXBuildFile; fileRef = E5384801273C0A230027A5F1 /* OnboardingView.swift */; };
		E5384804273C0A390027A5F1 /* HomeView.swift in Sources */ = {isa = PBXBuildFile; fileRef = E5384803273C0A390027A5F1 /* HomeView.swift */; };
		E5384806273C33F40027A5F1 /* CircleGroupView.swift in Sources */ = {isa = PBXBuildFile; fileRef = E5384805273C33F40027A5F1 /* CircleGroupView.swift */; };
		E5FE5C23273D04DD00DFFFA9 /* AudioPlayer.swift in Sources */ = {isa = PBXBuildFile; fileRef = E5FE5C22273D04DD00DFFFA9 /* AudioPlayer.swift */; };
/* End PBXBuildFile section */

/* Begin PBXFileReference section */
		E53847E6273BFFA60027A5F1 /* Restrart.app */ = {isa = PBXFileReference; explicitFileType = wrapper.application; includeInIndex = 0; path = Restrart.app; sourceTree = BUILT_PRODUCTS_DIR; };
		E53847E9273BFFA60027A5F1 /* RestrartApp.swift */ = {isa = PBXFileReference; lastKnownFileType = sourcecode.swift; path = RestrartApp.swift; sourceTree = "<group>"; };
		E53847EB273BFFA60027A5F1 /* ContentView.swift */ = {isa = PBXFileReference; lastKnownFileType = sourcecode.swift; path = ContentView.swift; sourceTree = "<group>"; };
		E53847ED273BFFAA0027A5F1 /* Assets.xcassets */ = {isa = PBXFileReference; lastKnownFileType = folder.assetcatalog; path = Assets.xcassets; sourceTree = "<group>"; };
		E53847F0273BFFAA0027A5F1 /* Preview Assets.xcassets */ = {isa = PBXFileReference; lastKnownFileType = folder.assetcatalog; path = "Preview Assets.xcassets"; sourceTree = "<group>"; };
		E53847F7273C067E0027A5F1 /* success.m4a */ = {isa = PBXFileReference; lastKnownFileType = file; path = success.m4a; sourceTree = "<group>"; };
		E53847F8273C067E0027A5F1 /* chimeup.mp3 */ = {isa = PBXFileReference; lastKnownFileType = audio.mp3; path = chimeup.mp3; sourceTree = "<group>"; };
		E5384800273C09C70027A5F1 /* Info.plist */ = {isa = PBXFileReference; lastKnownFileType = text.plist; path = Info.plist; sourceTree = "<group>"; };
		E5384801273C0A230027A5F1 /* OnboardingView.swift */ = {isa = PBXFileReference; lastKnownFileType = sourcecode.swift; path = OnboardingView.swift; sourceTree = "<group>"; };
		E5384803273C0A390027A5F1 /* HomeView.swift */ = {isa = PBXFileReference; lastKnownFileType = sourcecode.swift; path = HomeView.swift; sourceTree = "<group>"; };
		E5384805273C33F40027A5F1 /* CircleGroupView.swift */ = {isa = PBXFileReference; lastKnownFileType = sourcecode.swift; path = CircleGroupView.swift; sourceTree = "<group>"; };
		E5FE5C22273D04DD00DFFFA9 /* AudioPlayer.swift */ = {isa = PBXFileReference; lastKnownFileType = sourcecode.swift; path = AudioPlayer.swift; sourceTree = "<group>"; };
/* End PBXFileReference section */

/* Begin PBXFrameworksBuildPhase section */
		E53847E3273BFFA60027A5F1 /* Frameworks */ = {
			isa = PBXFrameworksBuildPhase;
			buildActionMask = 2147483647;
			files = (
			);
			runOnlyForDeploymentPostprocessing = 0;
		};
/* End PBXFrameworksBuildPhase section */

/* Begin PBXGroup section */
		E53847DD273BFFA60027A5F1 = {
			isa = PBXGroup;
			children = (
				E53847E8273BFFA60027A5F1 /* Restrart */,
				E53847E7273BFFA60027A5F1 /* Products */,
			);
			sourceTree = "<group>";
		};
		E53847E7273BFFA60027A5F1 /* Products */ = {
			isa = PBXGroup;
			children = (
				E53847E6273BFFA60027A5F1 /* Restrart.app */,
			);
			name = Products;
			sourceTree = "<group>";
		};
		E53847E8273BFFA60027A5F1 /* Restrart */ = {
			isa = PBXGroup;
			children = (
				E5384800273C09C70027A5F1 /* Info.plist */,
				E53847FF273C07E80027A5F1 /* Utilities */,
				E53847FE273C07D20027A5F1 /* Views */,
				E53847FC273C06A70027A5F1 /* Sounds */,
				E53847E9273BFFA60027A5F1 /* RestrartApp.swift */,
				E53847FD273C07C60027A5F1 /* Screens */,
				E53847ED273BFFAA0027A5F1 /* Assets.xcassets */,
				E53847EF273BFFAA0027A5F1 /* Preview Content */,
			);
			path = Restrart;
			sourceTree = "<group>";
		};
		E53847EF273BFFAA0027A5F1 /* Preview Content */ = {
			isa = PBXGroup;
			children = (
				E53847F0273BFFAA0027A5F1 /* Preview Assets.xcassets */,
			);
			path = "Preview Content";
			sourceTree = "<group>";
		};
		E53847FC273C06A70027A5F1 /* Sounds */ = {
			isa = PBXGroup;
			children = (
				E53847F8273C067E0027A5F1 /* chimeup.mp3 */,
				E53847F7273C067E0027A5F1 /* success.m4a */,
			);
			path = Sounds;
			sourceTree = "<group>";
		};
		E53847FD273C07C60027A5F1 /* Screens */ = {
			isa = PBXGroup;
			children = (
				E53847EB273BFFA60027A5F1 /* ContentView.swift */,
				E5384801273C0A230027A5F1 /* OnboardingView.swift */,
				E5384803273C0A390027A5F1 /* HomeView.swift */,
			);
			path = Screens;
			sourceTree = "<group>";
		};
		E53847FE273C07D20027A5F1 /* Views */ = {
			isa = PBXGroup;
			children = (
				E5384805273C33F40027A5F1 /* CircleGroupView.swift */,
			);
			path = Views;
			sourceTree = "<group>";
		};
		E53847FF273C07E80027A5F1 /* Utilities */ = {
			isa = PBXGroup;
			children = (
				E5FE5C22273D04DD00DFFFA9 /* AudioPlayer.swift */,
			);
			path = Utilities;
			sourceTree = "<group>";
		};
/* End PBXGroup section */

/* Begin PBXNativeTarget section */
		E53847E5273BFFA60027A5F1 /* Restrart */ = {
			isa = PBXNativeTarget;
			buildConfigurationList = E53847F4273BFFAA0027A5F1 /* Build configuration list for PBXNativeTarget "Restrart" */;
			buildPhases = (
				E53847E2273BFFA60027A5F1 /* Sources */,
				E53847E3273BFFA60027A5F1 /* Frameworks */,
				E53847E4273BFFA60027A5F1 /* Resources */,
			);
			buildRules = (
			);
			dependencies = (
			);
			name = Restrart;
			productName = Restrart;
			productReference = E53847E6273BFFA60027A5F1 /* Restrart.app */;
			productType = "com.apple.product-type.application";
		};
/* End PBXNativeTarget section */

/* Begin PBXProject section */
		E53847DE273BFFA60027A5F1 /* Project object */ = {
			isa = PBXProject;
			attributes = {
				BuildIndependentTargetsInParallel = 1;
				LastSwiftUpdateCheck = 1310;
				LastUpgradeCheck = 1310;
				TargetAttributes = {
					E53847E5273BFFA60027A5F1 = {
						CreatedOnToolsVersion = 13.1;
					};
				};
			};
			buildConfigurationList = E53847E1273BFFA60027A5F1 /* Build configuration list for PBXProject "Restrart" */;
			compatibilityVersion = "Xcode 13.0";
			developmentRegion = en;
			hasScannedForEncodings = 0;
			knownRegions = (
				en,
				Base,
			);
			mainGroup = E53847DD273BFFA60027A5F1;
			productRefGroup = E53847E7273BFFA60027A5F1 /* Products */;
			projectDirPath = "";
			projectRoot = "";
			targets = (
				E53847E5273BFFA60027A5F1 /* Restrart */,
			);
		};
/* End PBXProject section */

/* Begin PBXResourcesBuildPhase section */
		E53847E4273BFFA60027A5F1 /* Resources */ = {
			isa = PBXResourcesBuildPhase;
			buildActionMask = 2147483647;
			files = (
				E53847FA273C067E0027A5F1 /* chimeup.mp3 in Resources */,
				E53847F1273BFFAA0027A5F1 /* Preview Assets.xcassets in Resources */,
				E53847F9273C067E0027A5F1 /* success.m4a in Resources */,
				E53847EE273BFFAA0027A5F1 /* Assets.xcassets in Resources */,
			);
			runOnlyForDeploymentPostprocessing = 0;
		};
/* End PBXResourcesBuildPhase section */

/* Begin PBXSourcesBuildPhase section */
		E53847E2273BFFA60027A5F1 /* Sources */ = {
			isa = PBXSourcesBuildPhase;
			buildActionMask = 2147483647;
			files = (
				E5384806273C33F40027A5F1 /* CircleGroupView.swift in Sources */,
				E5384802273C0A230027A5F1 /* OnboardingView.swift in Sources */,
				E5384804273C0A390027A5F1 /* HomeView.swift in Sources */,
				E53847EC273BFFA60027A5F1 /* ContentView.swift in Sources */,
				E53847EA273BFFA60027A5F1 /* RestrartApp.swift in Sources */,
				E5FE5C23273D04DD00DFFFA9 /* AudioPlayer.swift in Sources */,
			);
			runOnlyForDeploymentPostprocessing = 0;
		};
/* End PBXSourcesBuildPhase section */

/* Begin XCBuildConfiguration section */
		E53847F2273BFFAA0027A5F1 /* Debug */ = {
			isa = XCBuildConfiguration;
			buildSettings = {
				ALWAYS_SEARCH_USER_PATHS = NO;
				CLANG_ANALYZER_NONNULL = YES;
				CLANG_ANALYZER_NUMBER_OBJECT_CONVERSION = YES_AGGRESSIVE;
				CLANG_CXX_LANGUAGE_STANDARD = "gnu++17";
				CLANG_CXX_LIBRARY = "libc++";
				CLANG_ENABLE_MODULES = YES;
				CLANG_ENABLE_OBJC_ARC = YES;
				CLANG_ENABLE_OBJC_WEAK = YES;
				CLANG_WARN_BLOCK_CAPTURE_AUTORELEASING = YES;
				CLANG_WARN_BOOL_CONVERSION = YES;
				CLANG_WARN_COMMA = YES;
				CLANG_WARN_CONSTANT_CONVERSION = YES;
				CLANG_WARN_DEPRECATED_OBJC_IMPLEMENTATIONS = YES;
				CLANG_WARN_DIRECT_OBJC_ISA_USAGE = YES_ERROR;
				CLANG_WARN_DOCUMENTATION_COMMENTS = YES;
				CLANG_WARN_EMPTY_BODY = YES;
				CLANG_WARN_ENUM_CONVERSION = YES;
				CLANG_WARN_INFINITE_RECURSION = YES;
				CLANG_WARN_INT_CONVERSION = YES;
				CLANG_WARN_NON_LITERAL_NULL_CONVERSION = YES;
				CLANG_WARN_OBJC_IMPLICIT_RETAIN_SELF = YES;
				CLANG_WARN_OBJC_LITERAL_CONVERSION = YES;
				CLANG_WARN_OBJC_ROOT_CLASS = YES_ERROR;
				CLANG_WARN_QUOTED_INCLUDE_IN_FRAMEWORK_HEADER = YES;
				CLANG_WARN_RANGE_LOOP_ANALYSIS = YES;
				CLANG_WARN_STRICT_PROTOTYPES = YES;
				CLANG_WARN_SUSPICIOUS_MOVE = YES;
				CLANG_WARN_UNGUARDED_AVAILABILITY = YES_AGGRESSIVE;
				CLANG_WARN_UNREACHABLE_CODE = YES;
				CLANG_WARN__DUPLICATE_METHOD_MATCH = YES;
				COPY_PHASE_STRIP = NO;
				DEBUG_INFORMATION_FORMAT = dwarf;
				ENABLE_STRICT_OBJC_MSGSEND = YES;
				ENABLE_TESTABILITY = YES;
				GCC_C_LANGUAGE_STANDARD = gnu11;
				GCC_DYNAMIC_NO_PIC = NO;
				GCC_NO_COMMON_BLOCKS = YES;
				GCC_OPTIMIZATION_LEVEL = 0;
				GCC_PREPROCESSOR_DEFINITIONS = (
					"DEBUG=1",
					"$(inherited)",
				);
				GCC_WARN_64_TO_32_BIT_CONVERSION = YES;
				GCC_WARN_ABOUT_RETURN_TYPE = YES_ERROR;
				GCC_WARN_UNDECLARED_SELECTOR = YES;
				GCC_WARN_UNINITIALIZED_AUTOS = YES_AGGRESSIVE;
				GCC_WARN_UNUSED_FUNCTION = YES;
				GCC_WARN_UNUSED_VARIABLE = YES;
				IPHONEOS_DEPLOYMENT_TARGET = 15.0;
				MTL_ENABLE_DEBUG_INFO = INCLUDE_SOURCE;
				MTL_FAST_MATH = YES;
				ONLY_ACTIVE_ARCH = YES;
				SDKROOT = iphoneos;
				SWIFT_ACTIVE_COMPILATION_CONDITIONS = DEBUG;
				SWIFT_OPTIMIZATION_LEVEL = "-Onone";
			};
			name = Debug;
		};
		E53847F3273BFFAA0027A5F1 /* Release */ = {
			isa = XCBuildConfiguration;
			buildSettings = {
				ALWAYS_SEARCH_USER_PATHS = NO;
				CLANG_ANALYZER_NONNULL = YES;
				CLANG_ANALYZER_NUMBER_OBJECT_CONVERSION = YES_AGGRESSIVE;
				CLANG_CXX_LANGUAGE_STANDARD = "gnu++17";
				CLANG_CXX_LIBRARY = "libc++";
				CLANG_ENABLE_MODULES = YES;
				CLANG_ENABLE_OBJC_ARC = YES;
				CLANG_ENABLE_OBJC_WEAK = YES;
				CLANG_WARN_BLOCK_CAPTURE_AUTORELEASING = YES;
				CLANG_WARN_BOOL_CONVERSION = YES;
				CLANG_WARN_COMMA = YES;
				CLANG_WARN_CONSTANT_CONVERSION = YES;
				CLANG_WARN_DEPRECATED_OBJC_IMPLEMENTATIONS = YES;
				CLANG_WARN_DIRECT_OBJC_ISA_USAGE = YES_ERROR;
				CLANG_WARN_DOCUMENTATION_COMMENTS = YES;
				CLANG_WARN_EMPTY_BODY = YES;
				CLANG_WARN_ENUM_CONVERSION = YES;
				CLANG_WARN_INFINITE_RECURSION = YES;
				CLANG_WARN_INT_CONVERSION = YES;
				CLANG_WARN_NON_LITERAL_NULL_CONVERSION = YES;
				CLANG_WARN_OBJC_IMPLICIT_RETAIN_SELF = YES;
				CLANG_WARN_OBJC_LITERAL_CONVERSION = YES;
				CLANG_WARN_OBJC_ROOT_CLASS = YES_ERROR;
				CLANG_WARN_QUOTED_INCLUDE_IN_FRAMEWORK_HEADER = YES;
				CLANG_WARN_RANGE_LOOP_ANALYSIS = YES;
				CLANG_WARN_STRICT_PROTOTYPES = YES;
				CLANG_WARN_SUSPICIOUS_MOVE = YES;
				CLANG_WARN_UNGUARDED_AVAILABILITY = YES_AGGRESSIVE;
				CLANG_WARN_UNREACHABLE_CODE = YES;
				CLANG_WARN__DUPLICATE_METHOD_MATCH = YES;
				COPY_PHASE_STRIP = NO;
				DEBUG_INFORMATION_FORMAT = "dwarf-with-dsym";
				ENABLE_NS_ASSERTIONS = NO;
				ENABLE_STRICT_OBJC_MSGSEND = YES;
				GCC_C_LANGUAGE_STANDARD = gnu11;
				GCC_NO_COMMON_BLOCKS = YES;
				GCC_WARN_64_TO_32_BIT_CONVERSION = YES;
				GCC_WARN_ABOUT_RETURN_TYPE = YES_ERROR;
				GCC_WARN_UNDECLARED_SELECTOR = YES;
				GCC_WARN_UNINITIALIZED_AUTOS = YES_AGGRESSIVE;
				GCC_WARN_UNUSED_FUNCTION = YES;
				GCC_WARN_UNUSED_VARIABLE = YES;
				IPHONEOS_DEPLOYMENT_TARGET = 15.0;
				MTL_ENABLE_DEBUG_INFO = NO;
				MTL_FAST_MATH = YES;
				SDKROOT = iphoneos;
				SWIFT_COMPILATION_MODE = wholemodule;
				SWIFT_OPTIMIZATION_LEVEL = "-O";
				VALIDATE_PRODUCT = YES;
			};
			name = Release;
		};
		E53847F5273BFFAA0027A5F1 /* Debug */ = {
			isa = XCBuildConfiguration;
			buildSettings = {
				ASSETCATALOG_COMPILER_APPICON_NAME = AppIcon;
				ASSETCATALOG_COMPILER_GLOBAL_ACCENT_COLOR_NAME = AccentColor;
				CODE_SIGN_STYLE = Automatic;
				CURRENT_PROJECT_VERSION = 1;
				DEVELOPMENT_ASSET_PATHS = "\"Restrart/Preview Content\"";
				ENABLE_PREVIEWS = YES;
				GENERATE_INFOPLIST_FILE = YES;
				INFOPLIST_FILE = Restrart/Info.plist;
				INFOPLIST_KEY_UIApplicationSceneManifest_Generation = YES;
				INFOPLIST_KEY_UIApplicationSupportsIndirectInputEvents = YES;
				INFOPLIST_KEY_UISupportedInterfaceOrientations = UIInterfaceOrientationPortrait;
				INFOPLIST_KEY_UISupportedInterfaceOrientations_iPad = "UIInterfaceOrientationPortrait UIInterfaceOrientationPortraitUpsideDown UIInterfaceOrientationLandscapeLeft UIInterfaceOrientationLandscapeRight";
				INFOPLIST_KEY_UISupportedInterfaceOrientations_iPhone = UIInterfaceOrientationPortrait;
				LD_RUNPATH_SEARCH_PATHS = (
					"$(inherited)",
					"@executable_path/Frameworks",
				);
				MARKETING_VERSION = 1.0;
				PRODUCT_BUNDLE_IDENTIFIER = vnr.tumu.Restrart;
				PRODUCT_NAME = "$(TARGET_NAME)";
				SWIFT_EMIT_LOC_STRINGS = YES;
				SWIFT_VERSION = 5.0;
				TARGETED_DEVICE_FAMILY = "1,2";
			};
			name = Debug;
		};
		E53847F6273BFFAA0027A5F1 /* Release */ = {
			isa = XCBuildConfiguration;
			buildSettings = {
				ASSETCATALOG_COMPILER_APPICON_NAME = AppIcon;
				ASSETCATALOG_COMPILER_GLOBAL_ACCENT_COLOR_NAME = AccentColor;
				CODE_SIGN_STYLE = Automatic;
				CURRENT_PROJECT_VERSION = 1;
				DEVELOPMENT_ASSET_PATHS = "\"Restrart/Preview Content\"";
				ENABLE_PREVIEWS = YES;
				GENERATE_INFOPLIST_FILE = YES;
				INFOPLIST_FILE = Restrart/Info.plist;
				INFOPLIST_KEY_UIApplicationSceneManifest_Generation = YES;
				INFOPLIST_KEY_UIApplicationSupportsIndirectInputEvents = YES;
				INFOPLIST_KEY_UISupportedInterfaceOrientations = UIInterfaceOrientationPortrait;
				INFOPLIST_KEY_UISupportedInterfaceOrientations_iPad = "UIInterfaceOrientationPortrait UIInterfaceOrientationPortraitUpsideDown UIInterfaceOrientationLandscapeLeft UIInterfaceOrientationLandscapeRight";
				INFOPLIST_KEY_UISupportedInterfaceOrientations_iPhone = UIInterfaceOrientationPortrait;
				LD_RUNPATH_SEARCH_PATHS = (
					"$(inherited)",
					"@executable_path/Frameworks",
				);
				MARKETING_VERSION = 1.0;
				PRODUCT_BUNDLE_IDENTIFIER = vnr.tumu.Restrart;
				PRODUCT_NAME = "$(TARGET_NAME)";
				SWIFT_EMIT_LOC_STRINGS = YES;
				SWIFT_VERSION = 5.0;
				TARGETED_DEVICE_FAMILY = "1,2";
			};
			name = Release;
		};
/* End XCBuildConfiguration section */

/* Begin XCConfigurationList section */
		E53847E1273BFFA60027A5F1 /* Build configuration list for PBXProject "Restrart" */ = {
			isa = XCConfigurationList;
			buildConfigurations = (
				E53847F2273BFFAA0027A5F1 /* Debug */,
				E53847F3273BFFAA0027A5F1 /* Release */,
			);
			defaultConfigurationIsVisible = 0;
			defaultConfigurationName = Release;
		};
		E53847F4273BFFAA0027A5F1 /* Build configuration list for PBXNativeTarget "Restrart" */ = {
			isa = XCConfigurationList;
			buildConfigurations = (
				E53847F5273BFFAA0027A5F1 /* Debug */,
				E53847F6273BFFAA0027A5F1 /* Release */,
			);
			defaultConfigurationIsVisible = 0;
			defaultConfigurationName = Release;
		};
/* End XCConfigurationList section */
	};
	rootObject = E53847DE273BFFA60027A5F1 /* Project object */;
}
